version = 1
revision = 3
requires-python = "==3.10.*"

[[package]]
name = "certifi"
version = "2026.2.25"
source = { registry = "https://pypi.org/simple" }
sdist = { url = "https://files.pythonhosted.org/packages/af/2d/7bf41579a8986e348fa033a31cdd0e4121114f6bce2457e8876010b092dd/certifi-2026.2.25.tar.gz", hash = "sha256:e887ab5cee78ea814d3472169153c2d12cd43b14bd03329a39a9c6e2e80bfba7", size = 155029, upload-time = "2026-02-25T02:54:17.342Z" }
wheels = [
    { url = "https://files.pythonhosted.org/packages/9a/3c/c17fb3ca2d9c3acff52e30b309f538586f9f5b9c9cf454f3845fc9af4881/certifi-2026.2.25-py3-none-any.whl", hash = "sha256:027692e4402ad994f1c42e52a4997a9763c646b73e4096e4d5d6db8af1d6f0fa", size = 153684, upload-time = "2026-02-25T02:54:15.766Z" },
]

[[package]]
name = "charset-normalizer"
version = "3.4.5"
source = { registry = "https://pypi.org/simple" }
sdist = { url = "https://files.pythonhosted.org/packages/1d/35/02daf95b9cd686320bb622eb148792655c9412dbb9b67abb5694e5910a24/charset_normalizer-3.4.5.tar.gz", hash = "sha256:95adae7b6c42a6c5b5b559b1a99149f090a57128155daeea91732c8d970d8644", size = 134804, upload-time = "2026-03-06T06:03:19.46Z" }
wheels = [
    { url = "https://files.pythonhosted.org/packages/a7/21/a2b1505639008ba2e6ef03733a81fc6cfd6a07ea6139a2b76421230b8dad/charset_normalizer-3.4.5-cp310-cp310-macosx_10_9_universal2.whl", hash = "sha256:4167a621a9a1a986c73777dbc15d4b5eac8ac5c10393374109a343d4013ec765", size = 283319, upload-time = "2026-03-06T06:00:26.433Z" },
    { url = "https://files.pythonhosted.org/packages/70/67/df234c29b68f4e1e095885c9db1cb4b69b8aba49cf94fac041db4aaf1267/charset_normalizer-3.4.5-cp310-cp310-manylinux2014_aarch64.manylinux_2_17_aarch64.manylinux_2_28_aarch64.whl", hash = "sha256:3f64c6bf8f32f9133b668c7f7a7cbdbc453412bc95ecdbd157f3b1e377a92990", size = 189974, upload-time = "2026-03-06T06:00:28.222Z" },
    { url = "https://files.pythonhosted.org/packages/df/7f/fc66af802961c6be42e2c7b69c58f95cbd1f39b0e81b3365d8efe2a02a04/charset_normalizer-3.4.5-cp310-cp310-manylinux2014_ppc64le.manylinux_2_17_ppc64le.manylinux_2_28_ppc64le.whl", hash = "sha256:568e3c34b58422075a1b49575a6abc616d9751b4d61b23f712e12ebb78fe47b2", size = 207866, upload-time = "2026-03-06T06:00:29.769Z" },
    { url = "https://files.pythonhosted.org/packages/c9/23/404eb36fac4e95b833c50e305bba9a241086d427bb2167a42eac7c4f7da4/charset_normalizer-3.4.5-cp310-cp310-manylinux2014_s390x.manylinux_2_17_s390x.manylinux_2_28_s390x.whl", hash = "sha256:036c079aa08a6a592b82487f97c60b439428320ed1b2ea0b3912e99d30c77765", size = 203239, upload-time = "2026-03-06T06:00:31.086Z" },
    { url = "https://files.pythonhosted.org/packages/4b/2f/8a1d989bfadd120c90114ab33e0d2a0cbde05278c1fc15e83e62d570f50a/charset_normalizer-3.4.5-cp310-cp310-manylinux2014_x86_64.manylinux_2_17_x86_64.manylinux_2_28_x86_64.whl", hash = "sha256:340810d34ef83af92148e96e3e44cb2d3f910d2bf95e5618a5c467d9f102231d", size = 196529, upload-time = "2026-03-06T06:00:32.608Z" },
    { url = "https://files.pythonhosted.org/packages/a5/0c/c75f85ff7ca1f051958bb518cd43922d86f576c03947a050fbedfdfb4f15/charset_normalizer-3.4.5-cp310-cp310-manylinux_2_31_armv7l.whl", hash = "sha256:cd2d0f0ec9aa977a27731a3209ebbcacebebaf41f902bd453a928bfd281cf7f8", size = 184152, upload-time = "2026-03-06T06:00:33.93Z" },
    { url = "https://files.pythonhosted.org/packages/f9/20/4ed37f6199af5dde94d4aeaf577f3813a5ec6635834cda1d957013a09c76/charset_normalizer-3.4.5-cp310-cp310-manylinux_2_31_riscv64.manylinux_2_39_riscv64.whl", hash = "sha256:0b362bcd27819f9c07cbf23db4e0e8cd4b44c5ecd900c2ff907b2b92274a7412", size = 195226, upload-time = "2026-03-06T06:00:35.469Z" },
    { url = "https://files.pythonhosted.org/packages/28/31/7ba1102178cba7c34dcc050f43d427172f389729e356038f0726253dd914/charset_normalizer-3.4.5-cp310-cp310-musllinux_1_2_aarch64.whl", hash = "sha256:77be992288f720306ab4108fe5c74797de327f3248368dfc7e1a916d6ed9e5a2", size = 192933, upload-time = "2026-03-06T06:00:36.83Z" },
    { url = "https://files.pythonhosted.org/packages/4b/23/f86443ab3921e6a60b33b93f4a1161222231f6c69bc24fb18f3bee7b8518/charset_normalizer-3.4.5-cp310-cp310-musllinux_1_2_armv7l.whl", hash = "sha256:8b78d8a609a4b82c273257ee9d631ded7fac0d875bdcdccc109f3ee8328cfcb1", size = 185647, upload-time = "2026-03-06T06:00:38.367Z" },
    { url = "https://files.pythonhosted.org/packages/82/44/08b8be891760f1f5a6d23ce11d6d50c92981603e6eb740b4f72eea9424e2/charset_normalizer-3.4.5-cp310-cp310-musllinux_1_2_ppc64le.whl", hash = "sha256:ba20bdf69bd127f66d0174d6f2a93e69045e0b4036dc1ca78e091bcc765830c4", size = 209533, upload-time = "2026-03-06T06:00:41.931Z" },
    { url = "https://files.pythonhosted.org/packages/3b/5f/df114f23406199f8af711ddccfbf409ffbc5b7cdc18fa19644997ff0c9bb/charset_normalizer-3.4.5-cp310-cp310-musllinux_1_2_riscv64.whl", hash = "sha256:76a9d0de4d0eab387822e7b35d8f89367dd237c72e82ab42b9f7bf5e15ada00f", size = 195901, upload-time = "2026-03-06T06:00:43.978Z" },
    { url = "https://files.pythonhosted.org/packages/07/83/71ef34a76fe8aa05ff8f840244bda2d61e043c2ef6f30d200450b9f6a1be/charset_normalizer-3.4.5-cp310-cp310-musllinux_1_2_s390x.whl", hash = "sha256:8fff79bf5978c693c9b1a4d71e4a94fddfb5fe744eb062a318e15f4a2f63a550", size = 204950, upload-time = "2026-03-06T06:00:45.202Z" },
    { url = "https://files.pythonhosted.org/packages/58/40/0253be623995365137d7dc68e45245036207ab2227251e69a3d93ce43183/charset_normalizer-3.4.5-cp310-cp310-musllinux_1_2_x86_64.whl", hash = "sha256:c7e84e0c0005e3bdc1a9211cd4e62c78ba80bc37b2365ef4410cd2007a9047f2", size = 198546, upload-time = "2026-03-06T06:00:46.481Z" },
    { url = "https://files.pythonhosted.org/packages/ed/5c/5f3cb5b259a130895ef5ae16b38eaf141430fa3f7af50cd06c5d67e4f7b2/charset_normalizer-3.4.5-cp310-cp310-win32.whl", hash = "sha256:58ad8270cfa5d4bef1bc85bd387217e14ff154d6630e976c6f56f9a040757475", size = 132516, upload-time = "2026-03-06T06:00:47.924Z" },
    { url = "https://files.pythonhosted.org/packages/a5/c3/84fb174e7770f2df2e1a2115090771bfbc2227fb39a765c6d00568d1aab4/charset_normalizer-3.4.5-cp310-cp310-win_amd64.whl", hash = "sha256:02a9d1b01c1e12c27883b0c9349e0bcd9ae92e727ff1a277207e1a262b1cbf05", size = 142906, upload-time = "2026-03-06T06:00:49.389Z" },
    { url = "https://files.pythonhosted.org/packages/d7/b2/6f852f8b969f2cbd0d4092d2e60139ab1af95af9bb651337cae89ec0f684/charset_normalizer-3.4.5-cp310-cp310-win_arm64.whl", hash = "sha256:039215608ac7b358c4da0191d10fc76868567fbf276d54c14721bdedeb6de064", size = 133258, upload-time = "2026-03-06T06:00:51.051Z" },
    { url = "https://files.pythonhosted.org/packages/c5/60/3a621758945513adfd4db86827a5bafcc615f913dbd0b4c2ed64a65731be/charset_normalizer-3.4.5-py3-none-any.whl", hash = "sha256:9db5e3fcdcee89a78c04dffb3fe33c79f77bd741a624946db2591c81b2fc85b0", size = 55455, upload-time = "2026-03-06T06:03:17.827Z" },
]

[[package]]
name = "deap"
version = "1.3.1"
source = { registry = "https://pypi.org/simple" }
dependencies = [
    { name = "numpy" },
]
sdist = { url = "https://files.pythonhosted.org/packages/85/1e/5f707798f8f05616c03079f02b63568b2b91f8136891a2eeffd9f78f6d8b/deap-1.3.1.tar.gz", hash = "sha256:11f54493ceb54aae10dde676577ef59fc52d52f82729d5a12c90b0813c857a2f", size = 1068273, upload-time = "2020-01-21T01:18:22.156Z" }
wheels = [
    { url = "https://files.pythonhosted.org/packages/59/a6/fa620c69939d08b9e3890ba2ea9d698a3f9f0d699a020284dbb8d4640954/deap-1.3.1-cp310-cp310-macosx_10_15_x86_64.whl", hash = "sha256:6eabd21f8a4c2213a99b61fbd26f819825083d5bf8de091a2d45df35c0d93a57", size = 109118, upload-time = "2022-08-07T16:54:31.269Z" },
    { url = "https://files.pythonhosted.org/packages/0b/aa/6ef26e5eb0a0f197dbc29100b0c027848f7dea707e5d84191cabbc948a48/deap-1.3.1-cp310-cp310-manylinux_2_17_aarch64.manylinux2014_aarch64.whl", hash = "sha256:d714852bb236c38ade099ccf49802ead2205b4f685b92622e744d0b236c51a8c", size = 139724, upload-time = "2022-08-07T16:58:03.893Z" },
    { url = "https://files.pythonhosted.org/packages/c1/77/810ef543179000813d7bd611716fceb0ec2b382391be7ece99fcdf5d5529/deap-1.3.1-cp310-cp310-manylinux_2_5_x86_64.manylinux1_x86_64.manylinux_2_12_x86_64.manylinux2010_x86_64.whl", hash = "sha256:51e10643e773b3962baf6397888d253ae1e468fae6ed30e5cf3be108e21fc017", size = 160080, upload-time = "2021-05-08T10:33:23.937Z" },
    { url = "https://files.pythonhosted.org/packages/7d/9f/ef65371acc07081327a2329b861d615722a78587b0590163a361c35ffac7/deap-1.3.1-cp310-cp310-win_amd64.whl", hash = "sha256:aa259d927e228bb9c71f200b3a8a441791eb8c21cd3e9dfcd44cb8750f8228d4", size = 114301, upload-time = "2022-08-07T16:55:35.221Z" },
]

[[package]]
name = "decorator"
version = "4.4.2"
source = { registry = "https://pypi.org/simple" }
sdist = { url = "https://files.pythonhosted.org/packages/da/93/84fa12f2dc341f8cf5f022ee09e109961055749df2d0c75c5f98746cfe6c/decorator-4.4.2.tar.gz", hash = "sha256:e3a62f0520172440ca0dcc823749319382e377f37f140a0b99ef45fecb84bfe7", size = 33629, upload-time = "2020-02-29T05:24:43.312Z" }
wheels = [
    { url = "https://files.pythonhosted.org/packages/ed/1b/72a1821152d07cf1d8b6fce298aeb06a7eb90f4d6d41acec9861e7cc6df0/decorator-4.4.2-py2.py3-none-any.whl", hash = "sha256:41fa54c2a0cc4ba648be4fd43cff00aedf5b9465c9bf18d64325bc225f08f760", size = 9239, upload-time = "2020-02-29T05:24:45.993Z" },
]

[[package]]
name = "docker"
version = "7.1.0"
source = { registry = "https://pypi.org/simple" }
dependencies = [
    { name = "pywin32", marker = "sys_platform == 'win32'" },
    { name = "requests" },
    { name = "urllib3" },
]
sdist = { url = "https://files.pythonhosted.org/packages/91/9b/4a2ea29aeba62471211598dac5d96825bb49348fa07e906ea930394a83ce/docker-7.1.0.tar.gz", hash = "sha256:ad8c70e6e3f8926cb8a92619b832b4ea5299e2831c14284663184e200546fa6c", size = 117834, upload-time = "2024-05-23T11:13:57.216Z" }
wheels = [
    { url = "https://files.pythonhosted.org/packages/e3/26/57c6fb270950d476074c087527a558ccb6f4436657314bfb6cdf484114c4/docker-7.1.0-py3-none-any.whl", hash = "sha256:c96b93b7f0a746f9e77d325bcfb87422a3d8bd4f03136ae8a85b37f1898d5fc0", size = 147774, upload-time = "2024-05-23T11:13:55.01Z" },
]

[[package]]
name = "doppeltest4aw"
version = "0.1.0"
source = { virtual = "." }
dependencies = [
    { name = "deap" },
    { name = "networkx" },
    { name = "numpy" },
    { name = "requests" },
    { name = "rocker" },
    { name = "shapely" },
]

[package.metadata]
requires-dist = [
    { name = "deap", specifier = "==1.3.1" },
    { name = "networkx", specifier = "==2.5.1" },
    { name = "numpy", specifier = "==1.21.0" },
    { name = "requests", specifier = ">=2.28,<3" },
    { name = "rocker", editable = "autoware_launch/rocker" },
    { name = "shapely", specifier = "==1.7.1" },
]

[[package]]
name = "empy"
version = "4.2.1"
source = { registry = "https://pypi.org/simple" }
sdist = { url = "https://files.pythonhosted.org/packages/d1/82/b8b39f837baa80b1bf659beb64c1c8af66f2aa7437169d72a4e1fb0ed3df/empy-4.2.1.tar.gz", hash = "sha256:b831d642fca95507820b53774c051803142b8441b8c42bf800011da06ba4241b", size = 174979, upload-time = "2026-02-09T00:53:15.934Z" }

[[package]]
name = "idna"
version = "3.11"
source = { registry = "https://pypi.org/simple" }
sdist = { url = "https://files.pythonhosted.org/packages/6f/6d/0703ccc57f3a7233505399edb88de3cbd678da106337b9fcde432b65ed60/idna-3.11.tar.gz", hash = "sha256:795dafcc9c04ed0c1fb032c2aa73654d8e8c5023a7df64a53f39190ada629902", size = 194582, upload-time = "2025-10-12T14:55:20.501Z" }
wheels = [
    { url = "https://files.pythonhosted.org/packages/0e/61/66938bbb5fc52dbdf84594873d5b51fb1f7c7794e9c0f5bd885f30bc507b/idna-3.11-py3-none-any.whl", hash = "sha256:771a87f49d9defaf64091e6e6fe9c18d4833f140bd19464795bc32d966ca37ea", size = 71008, upload-time = "2025-10-12T14:55:18.883Z" },
]

[[package]]
name = "networkx"
version = "2.5.1"
source = { registry = "https://pypi.org/simple" }
dependencies = [
    { name = "decorator" },
]
sdist = { url = "https://files.pythonhosted.org/packages/b0/21/adfbf6168631e28577e4af9eb9f26d75fe72b2bb1d33762a5f2c425e6c2a/networkx-2.5.1.tar.gz", hash = "sha256:109cd585cac41297f71103c3c42ac6ef7379f29788eb54cb751be5a663bb235a", size = 1540139, upload-time = "2021-04-03T22:22:04.767Z" }
wheels = [
    { url = "https://files.pythonhosted.org/packages/f3/b7/c7f488101c0bb5e4178f3cde416004280fd40262433496830de8a8c21613/networkx-2.5.1-py3-none-any.whl", hash = "sha256:0635858ed7e989f4c574c2328380b452df892ae85084144c73d8cd819f0c4e06", size = 1616054, upload-time = "2021-04-03T22:22:02.238Z" },
]

[[package]]
name = "numpy"
version = "1.21.0"
source = { registry = "https://pypi.org/simple" }
sdist = { url = "https://files.pythonhosted.org/packages/66/03/818876390c7ff4484d5a05398a618cfdaf0a2b9abb3a7c7ccd59fe181008/numpy-1.21.0.zip", hash = "sha256:e80fe25cba41c124d04c662f33f6364909b985f2eb5998aaa5ae4b9587242cce", size = 10252686, upload-time = "2021-06-22T13:53:12.187Z" }

[[package]]
name = "packaging"
version = "26.0"
source = { registry = "https://pypi.org/simple" }
sdist = { url = "https://files.pythonhosted.org/packages/65/ee/299d360cdc32edc7d2cf530f3accf79c4fca01e96ffc950d8a52213bd8e4/packaging-26.0.tar.gz", hash = "sha256:00243ae351a257117b6a241061796684b084ed1c516a08c48a3f7e147a9d80b4", size = 143416, upload-time = "2026-01-21T20:50:39.064Z" }
wheels = [
    { url = "https://files.pythonhosted.org/packages/b7/b9/c538f279a4e237a006a2c98387d081e9eb060d203d8ed34467cc0f0b9b53/packaging-26.0-py3-none-any.whl", hash = "sha256:b36f1fef9334a5588b4166f8bcd26a14e521f2b55e6b9de3aaa80d3ff7a37529", size = 74366, upload-time = "2026-01-21T20:50:37.788Z" },
]

[[package]]
name = "pexpect"
version = "4.9.0"
source = { registry = "https://pypi.org/simple" }
dependencies = [
    { name = "ptyprocess" },
]
sdist = { url = "https://files.pythonhosted.org/packages/42/92/cc564bf6381ff43ce1f4d06852fc19a2f11d180f23dc32d9588bee2f149d/pexpect-4.9.0.tar.gz", hash = "sha256:ee7d41123f3c9911050ea2c2dac107568dc43b2d3b0c7557a33212c398ead30f", size = 166450, upload-time = "2023-11-25T09:07:26.339Z" }
wheels = [
    { url = "https://files.pythonhosted.org/packages/9e/c3/059298687310d527a58bb01f3b1965787ee3b40dce76752eda8b44e9a2c5/pexpect-4.9.0-py2.py3-none-any.whl", hash = "sha256:7236d1e080e4936be2dc3e326cec0af72acf9212a7e1d060210e70a47e253523", size = 63772, upload-time = "2023-11-25T06:56:14.81Z" },
]

[[package]]
name = "ptyprocess"
version = "0.7.0"
source = { registry = "https://pypi.org/simple" }
sdist = { url = "https://files.pythonhosted.org/packages/20/e5/16ff212c1e452235a90aeb09066144d0c5a6a8c0834397e03f5224495c4e/ptyprocess-0.7.0.tar.gz", hash = "sha256:5c5d0a3b48ceee0b48485e0c26037c0acd7d29765ca3fbb5cb3831d347423220", size = 70762, upload-time = "2020-12-28T15:15:30.155Z" }
wheels = [
    { url = "https://files.pythonhosted.org/packages/22/a6/858897256d0deac81a172289110f31629fc4cee19b6f01283303e18c8db3/ptyprocess-0.7.0-py2.py3-none-any.whl", hash = "sha256:4b41f3967fce3af57cc7e94b888626c18bf37a083e3651ca8feeb66d492fef35", size = 13993, upload-time = "2020-12-28T15:15:28.35Z" },
]

[[package]]
name = "pywin32"
version = "311"
source = { registry = "https://pypi.org/simple" }
wheels = [
    { url = "https://files.pythonhosted.org/packages/7b/40/44efbb0dfbd33aca6a6483191dae0716070ed99e2ecb0c53683f400a0b4f/pywin32-311-cp310-cp310-win32.whl", hash = "sha256:d03ff496d2a0cd4a5893504789d4a15399133fe82517455e78bad62efbb7f0a3", size = 8760432, upload-time = "2025-07-14T20:13:05.9Z" },
    { url = "https://files.pythonhosted.org/packages/5e/bf/360243b1e953bd254a82f12653974be395ba880e7ec23e3731d9f73921cc/pywin32-311-cp310-cp310-win_amd64.whl", hash = "sha256:797c2772017851984b97180b0bebe4b620bb86328e8a884bb626156295a63b3b", size = 9590103, upload-time = "2025-07-14T20:13:07.698Z" },
    { url = "https://files.pythonhosted.org/packages/57/38/d290720e6f138086fb3d5ffe0b6caa019a791dd57866940c82e4eeaf2012/pywin32-311-cp310-cp310-win_arm64.whl", hash = "sha256:0502d1facf1fed4839a9a51ccbcc63d952cf318f78ffc00a7e78528ac27d7a2b", size = 8778557, upload-time = "2025-07-14T20:13:11.11Z" },
]

[[package]]
name = "requests"
version = "2.32.5"
source = { registry = "https://pypi.org/simple" }
dependencies = [
    { name = "certifi" },
    { name = "charset-normalizer" },
    { name = "idna" },
    { name = "urllib3" },
]
sdist = { url = "https://files.pythonhosted.org/packages/c9/74/b3ff8e6c8446842c3f5c837e9c3dfcfe2018ea6ecef224c710c85ef728f4/requests-2.32.5.tar.gz", hash = "sha256:dbba0bac56e100853db0ea71b82b4dfd5fe2bf6d3754a8893c3af500cec7d7cf", size = 134517, upload-time = "2025-08-18T20:46:02.573Z" }
wheels = [
    { url = "https://files.pythonhosted.org/packages/1e/db/4254e3eabe8020b458f1a747140d32277ec7a271daf1d235b70dc0b4e6e3/requests-2.32.5-py3-none-any.whl", hash = "sha256:2462f94637a34fd532264295e186976db0f5d453d1cdd31473c85a6a161affb6", size = 64738, upload-time = "2025-08-18T20:46:00.542Z" },
]

[[package]]
name = "rocker"
version = "0.2.19"
source = { editable = "autoware_launch/rocker" }
dependencies = [
    { name = "docker" },
    { name = "empy" },
    { name = "packaging" },
    { name = "pexpect" },
    { name = "urllib3" },
]

[package.metadata]
requires-dist = [
    { name = "docker" },
    { name = "empy" },
    { name = "importlib-metadata", marker = "python_full_version < '3.8'" },
    { name = "packaging" },
    { name = "pexpect" },
    { name = "pytest", marker = "extra == 'test'" },
    { name = "urllib3" },
]
provides-extras = ["test"]

[[package]]
name = "shapely"
version = "1.7.1"
source = { registry = "https://pypi.org/simple" }
sdist = { url = "https://files.pythonhosted.org/packages/42/f3/0e1bc2c4f15e05e30c6b99322b9ddaa2babb3f43bc7df2698efdc1553439/Shapely-1.7.1.tar.gz", hash = "sha256:1641724c1055459a7e2b8bbe47ba25bdc89554582e62aec23cb3f3ca25f9b129", size = 383194, upload-time = "2020-08-20T23:31:42.318Z" }

[[package]]
name = "urllib3"
version = "2.6.3"
source = { registry = "https://pypi.org/simple" }
sdist = { url = "https://files.pythonhosted.org/packages/c7/24/5f1b3bdffd70275f6661c76461e25f024d5a38a46f04aaca912426a2b1d3/urllib3-2.6.3.tar.gz", hash = "sha256:1b62b6884944a57dbe321509ab94fd4d3b307075e0c2eae991ac71ee15ad38ed", size = 435556, upload-time = "2026-01-07T16:24:43.925Z" }
wheels = [
    { url = "https://files.pythonhosted.org/packages/39/08/aaaad47bc4e9dc8c725e68f9d04865dbcb2052843ff09c97b08904852d84/urllib3-2.6.3-py3-none-any.whl", hash = "sha256:bf272323e553dfb2e87d9bfd225ca7b0f467b919d7bbd355436d3fd37cb0acd4", size = 131584, upload-time = "2026-01-07T16:24:42.685Z" },
]
